
Microsoft Visual Studio Solution File, Format Version 12.00
# Visual Studio Version 17
VisualStudioVersion = 17.11.35327.3
MinimumVisualStudioVersion = 10.0.40219.1
Project("{FAE04EC0-301F-11D3-BF4B-00C04F79EFBC}") = "Anderson_Nov20", "Anderson_Nov20.csproj", "{F3231FCE-B06F-4DD5-961F-557F4976DE7E}"
EndProject
Global
	GlobalSection(SolutionConfigurationPlatforms) = preSolution
		Debug|Any CPU = Debug|Any CPU
		Release|Any CPU = Release|Any CPU
	EndGlobalSection
	GlobalSection(ProjectConfigurationPlatforms) = postSolution
		{F3231FCE-B06F-4DD5-961F-557F4976DE7E}.Debug|Any CPU.ActiveCfg = Debug|Any CPU
		{F3231FCE-B06F-4DD5-961F-557F4976DE7E}.Debug|Any CPU.Build.0 = Debug|Any CPU
		{F3231FCE-B06F-4DD5-961F-557F4976DE7E}.Release|Any CPU.ActiveCfg = Release|Any CPU
		{F3231FCE-B06F-4DD5-961F-557F4976DE7E}.Release|Any CPU.Build.0 = Release|Any CPU
	EndGlobalSection
	GlobalSection(SolutionProperties) = preSolution
		HideSolutionNode = FALSE
	EndGlobalSection
	GlobalSection(ExtensibilityGlobals) = postSolution
		SolutionGuid = {0B1E172F-76A1-45AC-AC0A-7991865B1B7D}
	EndGlobalSection
EndGlobal
